// !$*UTF8*$!
{
	archiveVersion = 1;
	classes = {
	};
	objectVersion = 46;
	objects = {

/* Begin PBXBuildFile section */
		DFD466181DB36ECD006EDED7 /* main.m in Sources */ = {isa = PBXBuildFile; fileRef = DFD466171DB36ECD006EDED7 /* main.m */; };
		DFD4661B1DB36ECD006EDED7 /* AppDelegate.m in Sources */ = {isa = PBXBuildFile; fileRef = DFD4661A1DB36ECD006EDED7 /* AppDelegate.m */; };
		DFD4661E1DB36ECD006EDED7 /* ViewController.m in Sources */ = {isa = PBXBuildFile; fileRef = DFD4661D1DB36ECD006EDED7 /* ViewController.m */; };
		DFD466211DB36ECD006EDED7 /* Main.storyboard in Resources */ = {isa = PBXBuildFile; fileRef = DFD4661F1DB36ECD006EDED7 /* Main.storyboard */; };
		DFD466231DB36ECD006EDED7 /* Assets.xcassets in Resources */ = {isa = PBXBuildFile; fileRef = DFD466221DB36ECD006EDED7 /* Assets.xcassets */; };
		DFD466261DB36ECD006EDED7 /* LaunchScreen.storyboard in Resources */ = {isa = PBXBuildFile; fileRef = DFD466241DB36ECD006EDED7 /* LaunchScreen.storyboard */; };
/* End PBXBuildFile section */

/* Begin PBXFileReference section */
		DFD466131DB36ECD006EDED7 /* UICollectionView.app */ = {isa = PBXFileReference; explicitFileType = wrapper.application; includeInIndex = 0; path = UICollectionView.app; sourceTree = BUILT_PRODUCTS_DIR; };
		DFD466171DB36ECD006EDED7 /* main.m */ = {isa = PBXFileReference; lastKnownFileType = sourcecode.c.objc; path = main.m; sourceTree = "<group>"; };
		DFD466191DB36ECD006EDED7 /* AppDelegate.h */ = {isa = PBXFileReference; lastKnownFileType = sourcecode.c.h; path = AppDelegate.h; sourceTree = "<group>"; };
		DFD4661A1DB36ECD006EDED7 /* AppDelegate.m */ = {isa = PBXFileReference; lastKnownFileType = sourcecode.c.objc; path = AppDelegate.m; sourceTree = "<group>"; };
		DFD4661C1DB36ECD006EDED7 /* ViewController.h */ = {isa = PBXFileReference; lastKnownFileType = sourcecode.c.h; path = ViewController.h; sourceTree = "<group>"; };
		DFD4661D1DB36ECD006EDED7 /* ViewController.m */ = {isa = PBXFileReference; lastKnownFileType = sourcecode.c.objc; path = ViewController.m; sourceTree = "<group>"; };
		DFD466201DB36ECD006EDED7 /* Base */ = {isa = PBXFileReference; lastKnownFileType = file.storyboard; name = Base; path = Base.lproj/Main.storyboard; sourceTree = "<group>"; };
		DFD466221DB36ECD006EDED7 /* Assets.xcassets */ = {isa = PBXFileReference; lastKnownFileType = folder.assetcatalog; path = Assets.xcassets; sourceTree = "<group>"; };
		DFD466251DB36ECD006EDED7 /* Base */ = {isa = PBXFileReference; lastKnownFileType = file.storyboard; name = Base; path = Base.lproj/LaunchScreen.storyboard; sourceTree = "<group>"; };
		DFD466271DB36ECD006EDED7 /* Info.plist */ = {isa = PBXFileReference; lastKnownFileType = text.plist.xml; path = Info.plist; sourceTree = "<group>"; };
/* End PBXFileReference section */

/* Begin PBXFrameworksBuildPhase section */
		DFD466101DB36ECD006EDED7 /* Frameworks */ = {
			isa = PBXFrameworksBuildPhase;
			buildActionMask = 2147483647;
			files = (
			);
			runOnlyForDeploymentPostprocessing = 0;
		};
/* End PBXFrameworksBuildPhase section */

/* Begin PBXGroup section */
		DFD4660A1DB36ECD006EDED7 = {
			isa = PBXGroup;
			children = (
				DFD466151DB36ECD006EDED7 /* UICollectionView */,
				DFD466141DB36ECD006EDED7 /* Products */,
			);
			sourceTree = "<group>";
		};
		DFD466141DB36ECD006EDED7 /* Products */ = {
			isa = PBXGroup;
			children = (
				DFD466131DB36ECD006EDED7 /* UICollectionView.app */,
			);
			name = Products;
			sourceTree = "<group>";
		};
		DFD466151DB36ECD006EDED7 /* UICollectionView */ = {
			isa = PBXGroup;
			children = (
				DFD466191DB36ECD006EDED7 /* AppDelegate.h */,
				DFD4661A1DB36ECD006EDED7 /* AppDelegate.m */,
				DFD4661C1DB36ECD006EDED7 /* ViewController.h */,
				DFD4661D1DB36ECD006EDED7 /* ViewController.m */,
				DFD4661F1DB36ECD006EDED7 /* Main.storyboard */,
				DFD466221DB36ECD006EDED7 /* Assets.xcassets */,
				DFD466241DB36ECD006EDED7 /* LaunchScreen.storyboard */,
				DFD466271DB36ECD006EDED7 /* Info.plist */,
				DFD466161DB36ECD006EDED7 /* Supporting Files */,
			);
			path = UICollectionView;
			sourceTree = "<group>";
		};
		DFD466161DB36ECD006EDED7 /* Supporting Files */ = {
			isa = PBXGroup;
			children = (
				DFD466171DB36ECD006EDED7 /* main.m */,
			);
			name = "Supporting Files";
			sourceTree = "<group>";
		};
/* End PBXGroup section */

/* Begin PBXNativeTarget section */
		DFD466121DB36ECD006EDED7 /* UICollectionView */ = {
			isa = PBXNativeTarget;
			buildConfigurationList = DFD4662A1DB36ECD006EDED7 /* Build configuration list for PBXNativeTarget "UICollectionView" */;
			buildPhases = (
				DFD4660F1DB36ECD006EDED7 /* Sources */,
				DFD466101DB36ECD006EDED7 /* Frameworks */,
				DFD466111DB36ECD006EDED7 /* Resources */,
			);
			buildRules = (
			);
			dependencies = (
			);
			name = UICollectionView;
			productName = UICollectionView;
			productReference = DFD466131DB36ECD006EDED7 /* UICollectionView.app */;
			productType = "com.apple.product-type.application";
		};
/* End PBXNativeTarget section */

/* Begin PBXProject section */
		DFD4660B1DB36ECD006EDED7 /* Project object */ = {
			isa = PBXProject;
			attributes = {
				LastUpgradeCheck = 0800;
				ORGANIZATIONNAME = Jones;
				TargetAttributes = {
					DFD466121DB36ECD006EDED7 = {
						CreatedOnToolsVersion = 8.0;
						ProvisioningStyle = Automatic;
					};
				};
			};
			buildConfigurationList = DFD4660E1DB36ECD006EDED7 /* Build configuration list for PBXProject "UICollectionView" */;
			compatibilityVersion = "Xcode 3.2";
			developmentRegion = English;
			hasScannedForEncodings = 0;
			knownRegions = (
				en,
				Base,
			);
			mainGroup = DFD4660A1DB36ECD006EDED7;
			productRefGroup = DFD466141DB36ECD006EDED7 /* Products */;
			projectDirPath = "";
			projectRoot = "";
			targets = (
				DFD466121DB36ECD006EDED7 /* UICollectionView */,
			);
		};
/* End PBXProject section */

/* Begin PBXResourcesBuildPhase section */
		DFD466111DB36ECD006EDED7 /* Resources */ = {
			isa = PBXResourcesBuildPhase;
			buildActionMask = 2147483647;
			files = (
				DFD466261DB36ECD006EDED7 /* LaunchScreen.storyboard in Resources */,
				DFD466231DB36ECD006EDED7 /* Assets.xcassets in Resources */,
				DFD466211DB36ECD006EDED7 /* Main.storyboard in Resources */,
			);
			runOnlyForDeploymentPostprocessing = 0;
		};
/* End PBXResourcesBuildPhase section */

/* Begin PBXSourcesBuildPhase section */
		DFD4660F1DB36ECD006EDED7 /* Sources */ = {
			isa = PBXSourcesBuildPhase;
			buildActionMask = 2147483647;
			files = (
				DFD4661E1DB36ECD006EDED7 /* ViewController.m in Sources */,
				DFD4661B1DB36ECD006EDED7 /* AppDelegate.m in Sources */,
				DFD466181DB36ECD006EDED7 /* main.m in Sources */,
			);
			runOnlyForDeploymentPostprocessing = 0;
		};
/* End PBXSourcesBuildPhase section */

/* Begin PBXVariantGroup section */
		DFD4661F1DB36ECD006EDED7 /* Main.storyboard */ = {
			isa = PBXVariantGroup;
			children = (
				DFD466201DB36ECD006EDED7 /* Base */,
			);
			name = Main.storyboard;
			sourceTree = "<group>";
		};
		DFD466241DB36ECD006EDED7 /* LaunchScreen.storyboard */ = {
			isa = PBXVariantGroup;
			children = (
				DFD466251DB36ECD006EDED7 /* Base */,
			);
			name = LaunchScreen.storyboard;
			sourceTree = "<group>";
		};
/* End PBXVariantGroup section */

/* Begin XCBuildConfiguration section */
		DFD466281DB36ECD006EDED7 /* Debug */ = {
			isa = XCBuildConfiguration;
			buildSettings = {
				ALWAYS_SEARCH_USER_PATHS = NO;
				CLANG_ANALYZER_NONNULL = YES;
				CLANG_CXX_LANGUAGE_STANDARD = "gnu++0x";
				CLANG_CXX_LIBRARY = "libc++";
				CLANG_ENABLE_MODULES = YES;
				CLANG_ENABLE_OBJC_ARC = YES;
				CLANG_WARN_BOOL_CONVERSION = YES;
				CLANG_WARN_CONSTANT_CONVERSION = YES;
				CLANG_WARN_DIRECT_OBJC_ISA_USAGE = YES_ERROR;
				CLANG_WARN_DOCUMENTATION_COMMENTS = YES;
				CLANG_WARN_EMPTY_BODY = YES;
				CLANG_WARN_ENUM_CONVERSION = YES;
				CLANG_WARN_INFINITE_RECURSION = YES;
				CLANG_WARN_INT_CONVERSION = YES;
				CLANG_WARN_OBJC_ROOT_CLASS = YES_ERROR;
				CLANG_WARN_SUSPICIOUS_MOVES = YES;
				CLANG_WARN_UNREACHABLE_CODE = YES;
				CLANG_WARN__DUPLICATE_METHOD_MATCH = YES;
				"CODE_SIGN_IDENTITY[sdk=iphoneos*]" = "iPhone Developer";
				COPY_PHASE_STRIP = NO;
				DEBUG_INFORMATION_FORMAT = dwarf;
				ENABLE_STRICT_OBJC_MSGSEND = YES;
				ENABLE_TESTABILITY = YES;
				GCC_C_LANGUAGE_STANDARD = gnu99;
				GCC_DYNAMIC_NO_PIC = NO;
				GCC_NO_COMMON_BLOCKS = YES;
				GCC_OPTIMIZATION_LEVEL = 0;
				GCC_PREPROCESSOR_DEFINITIONS = (
					"DEBUG=1",
					"$(inherited)",
				);
				GCC_WARN_64_TO_32_BIT_CONVERSION = YES;
				GCC_WARN_ABOUT_RETURN_TYPE = YES_ERROR;
				GCC_WARN_UNDECLARED_SELECTOR = YES;
				GCC_WARN_UNINITIALIZED_AUTOS = YES_AGGRESSIVE;
				GCC_WARN_UNUSED_FUNCTION = YES;
				GCC_WARN_UNUSED_VARIABLE = YES;
				IPHONEOS_DEPLOYMENT_TARGET = 10.0;
				MTL_ENABLE_DEBUG_INFO = YES;
				ONLY_ACTIVE_ARCH = YES;
				SDKROOT = iphoneos;
				TARGETED_DEVICE_FAMILY = "1,2";
			};
			name = Debug;
		};
		DFD466291DB36ECD006EDED7 /* Release */ = {
			isa = XCBuildConfiguration;
			buildSettings = {
				ALWAYS_SEARCH_USER_PATHS = NO;
				CLANG_ANALYZER_NONNULL = YES;
				CLANG_CXX_LANGUAGE_STANDARD = "gnu++0x";
				CLANG_CXX_LIBRARY = "libc++";
				CLANG_ENABLE_MODULES = YES;
				CLANG_ENABLE_OBJC_ARC = YES;
				CLANG_WARN_BOOL_CONVERSION = YES;
				CLANG_WARN_CONSTANT_CONVERSION = YES;
				CLANG_WARN_DIRECT_OBJC_ISA_USAGE = YES_ERROR;
				CLANG_WARN_DOCUMENTATION_COMMENTS = YES;
				CLANG_WARN_EMPTY_BODY = YES;
				CLANG_WARN_ENUM_CONVERSION = YES;
				CLANG_WARN_INFINITE_RECURSION = YES;
				CLANG_WARN_INT_CONVERSION = YES;
				CLANG_WARN_OBJC_ROOT_CLASS = YES_ERROR;
				CLANG_WARN_SUSPICIOUS_MOVES = YES;
				CLANG_WARN_UNREACHABLE_CODE = YES;
				CLANG_WARN__DUPLICATE_METHOD_MATCH = YES;
				"CODE_SIGN_IDENTITY[sdk=iphoneos*]" = "iPhone Developer";
				COPY_PHASE_STRIP = NO;
				DEBUG_INFORMATION_FORMAT = "dwarf-with-dsym";
				ENABLE_NS_ASSERTIONS = NO;
				ENABLE_STRICT_OBJC_MSGSEND = YES;
				GCC_C_LANGUAGE_STANDARD = gnu99;
				GCC_NO_COMMON_BLOCKS = YES;
				GCC_WARN_64_TO_32_BIT_CONVERSION = YES;
				GCC_WARN_ABOUT_RETURN_TYPE = YES_ERROR;
				GCC_WARN_UNDECLARED_SELECTOR = YES;
				GCC_WARN_UNINITIALIZED_AUTOS = YES_AGGRESSIVE;
				GCC_WARN_UNUSED_FUNCTION = YES;
				GCC_WARN_UNUSED_VARIABLE = YES;
				IPHONEOS_DEPLOYMENT_TARGET = 10.0;
				MTL_ENABLE_DEBUG_INFO = NO;
				SDKROOT = iphoneos;
				TARGETED_DEVICE_FAMILY = "1,2";
				VALIDATE_PRODUCT = YES;
			};
			name = Release;
		};
		DFD4662B1DB36ECD006EDED7 /* Debug */ = {
			isa = XCBuildConfiguration;
			buildSettings = {
				ASSETCATALOG_COMPILER_APPICON_NAME = AppIcon;
				INFOPLIST_FILE = UICollectionView/Info.plist;
				LD_RUNPATH_SEARCH_PATHS = "$(inherited) @executable_path/Frameworks";
				PRODUCT_BUNDLE_IDENTIFIER = www.imooc.com.UICollectionView;
				PRODUCT_NAME = "$(TARGET_NAME)";
			};
			name = Debug;
		};
		DFD4662C1DB36ECD006EDED7 /* Release */ = {
			isa = XCBuildConfiguration;
			buildSettings = {
				ASSETCATALOG_COMPILER_APPICON_NAME = AppIcon;
				INFOPLIST_FILE = UICollectionView/Info.plist;
				LD_RUNPATH_SEARCH_PATHS = "$(inherited) @executable_path/Frameworks";
				PRODUCT_BUNDLE_IDENTIFIER = www.imooc.com.UICollectionView;
				PRODUCT_NAME = "$(TARGET_NAME)";
			};
			name = Release;
		};
/* End XCBuildConfiguration section */

/* Begin XCConfigurationList section */
		DFD4660E1DB36ECD006EDED7 /* Build configuration list for PBXProject "UICollectionView" */ = {
			isa = XCConfigurationList;
			buildConfigurations = (
				DFD466281DB36ECD006EDED7 /* Debug */,
				DFD466291DB36ECD006EDED7 /* Release */,
			);
			defaultConfigurationIsVisible = 0;
			defaultConfigurationName = Release;
		};
		DFD4662A1DB36ECD006EDED7 /* Build configuration list for PBXNativeTarget "UICollectionView" */ = {
			isa = XCConfigurationList;
			buildConfigurations = (
				DFD4662B1DB36ECD006EDED7 /* Debug */,
				DFD4662C1DB36ECD006EDED7 /* Release */,
			);
			defaultConfigurationIsVisible = 0;
		};
/* End XCConfigurationList section */
	};
	rootObject = DFD4660B1DB36ECD006EDED7 /* Project object */;
}
