// !$*UTF8*$!
{
	archiveVersion = 1;
	classes = {
	};
	objectVersion = 46;
	objects = {

/* Begin PBXBuildFile section */
		DF274AB31DB65D3500E69662 /* main.m in Sources */ = {isa = PBXBuildFile; fileRef = DF274AB21DB65D3500E69662 /* main.m */; };
		DF274AB61DB65D3500E69662 /* AppDelegate.m in Sources */ = {isa = PBXBuildFile; fileRef = DF274AB51DB65D3500E69662 /* AppDelegate.m */; };
		DF274AB91DB65D3500E69662 /* ViewController.m in Sources */ = {isa = PBXBuildFile; fileRef = DF274AB81DB65D3500E69662 /* ViewController.m */; };
		DF274ABC1DB65D3500E69662 /* Main.storyboard in Resources */ = {isa = PBXBuildFile; fileRef = DF274ABA1DB65D3500E69662 /* Main.storyboard */; };
		DF274ABE1DB65D3500E69662 /* Assets.xcassets in Resources */ = {isa = PBXBuildFile; fileRef = DF274ABD1DB65D3500E69662 /* Assets.xcassets */; };
		DF274AC11DB65D3600E69662 /* LaunchScreen.storyboard in Resources */ = {isa = PBXBuildFile; fileRef = DF274ABF1DB65D3600E69662 /* LaunchScreen.storyboard */; };
		DF274ACA1DB65EB900E69662 /* MyImage.m in Sources */ = {isa = PBXBuildFile; fileRef = DF274AC91DB65EB900E69662 /* MyImage.m */; };
		DF274ACD1DB660CF00E69662 /* MyCollectionViewLayout.m in Sources */ = {isa = PBXBuildFile; fileRef = DF274ACC1DB660CF00E69662 /* MyCollectionViewLayout.m */; };
		DF274AD11DB660F100E69662 /* MyCollectionViewCell.m in Sources */ = {isa = PBXBuildFile; fileRef = DF274ACF1DB660F100E69662 /* MyCollectionViewCell.m */; };
		DF274AD21DB660F100E69662 /* MyCollectionViewCell.xib in Resources */ = {isa = PBXBuildFile; fileRef = DF274AD01DB660F100E69662 /* MyCollectionViewCell.xib */; };
/* End PBXBuildFile section */

/* Begin PBXFileReference section */
		DF274AAE1DB65D3500E69662 /* UICollectionView瀑布流.app */ = {isa = PBXFileReference; explicitFileType = wrapper.application; includeInIndex = 0; path = "UICollectionView瀑布流.app"; sourceTree = BUILT_PRODUCTS_DIR; };
		DF274AB21DB65D3500E69662 /* main.m */ = {isa = PBXFileReference; lastKnownFileType = sourcecode.c.objc; path = main.m; sourceTree = "<group>"; };
		DF274AB41DB65D3500E69662 /* AppDelegate.h */ = {isa = PBXFileReference; lastKnownFileType = sourcecode.c.h; path = AppDelegate.h; sourceTree = "<group>"; };
		DF274AB51DB65D3500E69662 /* AppDelegate.m */ = {isa = PBXFileReference; lastKnownFileType = sourcecode.c.objc; path = AppDelegate.m; sourceTree = "<group>"; };
		DF274AB71DB65D3500E69662 /* ViewController.h */ = {isa = PBXFileReference; lastKnownFileType = sourcecode.c.h; path = ViewController.h; sourceTree = "<group>"; };
		DF274AB81DB65D3500E69662 /* ViewController.m */ = {isa = PBXFileReference; lastKnownFileType = sourcecode.c.objc; path = ViewController.m; sourceTree = "<group>"; };
		DF274ABB1DB65D3500E69662 /* Base */ = {isa = PBXFileReference; lastKnownFileType = file.storyboard; name = Base; path = Base.lproj/Main.storyboard; sourceTree = "<group>"; };
		DF274ABD1DB65D3500E69662 /* Assets.xcassets */ = {isa = PBXFileReference; lastKnownFileType = folder.assetcatalog; path = Assets.xcassets; sourceTree = "<group>"; };
		DF274AC01DB65D3600E69662 /* Base */ = {isa = PBXFileReference; lastKnownFileType = file.storyboard; name = Base; path = Base.lproj/LaunchScreen.storyboard; sourceTree = "<group>"; };
		DF274AC21DB65D3600E69662 /* Info.plist */ = {isa = PBXFileReference; lastKnownFileType = text.plist.xml; path = Info.plist; sourceTree = "<group>"; };
		DF274AC81DB65EB900E69662 /* MyImage.h */ = {isa = PBXFileReference; fileEncoding = 4; lastKnownFileType = sourcecode.c.h; path = MyImage.h; sourceTree = "<group>"; };
		DF274AC91DB65EB900E69662 /* MyImage.m */ = {isa = PBXFileReference; fileEncoding = 4; lastKnownFileType = sourcecode.c.objc; path = MyImage.m; sourceTree = "<group>"; };
		DF274ACB1DB660CF00E69662 /* MyCollectionViewLayout.h */ = {isa = PBXFileReference; fileEncoding = 4; lastKnownFileType = sourcecode.c.h; path = MyCollectionViewLayout.h; sourceTree = "<group>"; };
		DF274ACC1DB660CF00E69662 /* MyCollectionViewLayout.m */ = {isa = PBXFileReference; fileEncoding = 4; lastKnownFileType = sourcecode.c.objc; path = MyCollectionViewLayout.m; sourceTree = "<group>"; };
		DF274ACE1DB660F100E69662 /* MyCollectionViewCell.h */ = {isa = PBXFileReference; fileEncoding = 4; lastKnownFileType = sourcecode.c.h; path = MyCollectionViewCell.h; sourceTree = "<group>"; };
		DF274ACF1DB660F100E69662 /* MyCollectionViewCell.m */ = {isa = PBXFileReference; fileEncoding = 4; lastKnownFileType = sourcecode.c.objc; path = MyCollectionViewCell.m; sourceTree = "<group>"; };
		DF274AD01DB660F100E69662 /* MyCollectionViewCell.xib */ = {isa = PBXFileReference; fileEncoding = 4; lastKnownFileType = file.xib; path = MyCollectionViewCell.xib; sourceTree = "<group>"; };
/* End PBXFileReference section */

/* Begin PBXFrameworksBuildPhase section */
		DF274AAB1DB65D3500E69662 /* Frameworks */ = {
			isa = PBXFrameworksBuildPhase;
			buildActionMask = 2147483647;
			files = (
			);
			runOnlyForDeploymentPostprocessing = 0;
		};
/* End PBXFrameworksBuildPhase section */

/* Begin PBXGroup section */
		DF274AA51DB65D3500E69662 = {
			isa = PBXGroup;
			children = (
				DF274AB01DB65D3500E69662 /* UICollectionView瀑布流 */,
				DF274AAF1DB65D3500E69662 /* Products */,
			);
			sourceTree = "<group>";
		};
		DF274AAF1DB65D3500E69662 /* Products */ = {
			isa = PBXGroup;
			children = (
				DF274AAE1DB65D3500E69662 /* UICollectionView瀑布流.app */,
			);
			name = Products;
			sourceTree = "<group>";
		};
		DF274AB01DB65D3500E69662 /* UICollectionView瀑布流 */ = {
			isa = PBXGroup;
			children = (
				DF274AB41DB65D3500E69662 /* AppDelegate.h */,
				DF274AB51DB65D3500E69662 /* AppDelegate.m */,
				DF274AB71DB65D3500E69662 /* ViewController.h */,
				DF274AB81DB65D3500E69662 /* ViewController.m */,
				DF274ABA1DB65D3500E69662 /* Main.storyboard */,
				DF274ABD1DB65D3500E69662 /* Assets.xcassets */,
				DF274ABF1DB65D3600E69662 /* LaunchScreen.storyboard */,
				DF274AC21DB65D3600E69662 /* Info.plist */,
				DF274AB11DB65D3500E69662 /* Supporting Files */,
				DF274AC81DB65EB900E69662 /* MyImage.h */,
				DF274AC91DB65EB900E69662 /* MyImage.m */,
				DF274ACB1DB660CF00E69662 /* MyCollectionViewLayout.h */,
				DF274ACC1DB660CF00E69662 /* MyCollectionViewLayout.m */,
				DF274ACE1DB660F100E69662 /* MyCollectionViewCell.h */,
				DF274ACF1DB660F100E69662 /* MyCollectionViewCell.m */,
				DF274AD01DB660F100E69662 /* MyCollectionViewCell.xib */,
			);
			path = "UICollectionView瀑布流";
			sourceTree = "<group>";
		};
		DF274AB11DB65D3500E69662 /* Supporting Files */ = {
			isa = PBXGroup;
			children = (
				DF274AB21DB65D3500E69662 /* main.m */,
			);
			name = "Supporting Files";
			sourceTree = "<group>";
		};
/* End PBXGroup section */

/* Begin PBXNativeTarget section */
		DF274AAD1DB65D3500E69662 /* UICollectionView瀑布流 */ = {
			isa = PBXNativeTarget;
			buildConfigurationList = DF274AC51DB65D3600E69662 /* Build configuration list for PBXNativeTarget "UICollectionView瀑布流" */;
			buildPhases = (
				DF274AAA1DB65D3500E69662 /* Sources */,
				DF274AAB1DB65D3500E69662 /* Frameworks */,
				DF274AAC1DB65D3500E69662 /* Resources */,
			);
			buildRules = (
			);
			dependencies = (
			);
			name = "UICollectionView瀑布流";
			productName = "UICollectionView瀑布流";
			productReference = DF274AAE1DB65D3500E69662 /* UICollectionView瀑布流.app */;
			productType = "com.apple.product-type.application";
		};
/* End PBXNativeTarget section */

/* Begin PBXProject section */
		DF274AA61DB65D3500E69662 /* Project object */ = {
			isa = PBXProject;
			attributes = {
				LastUpgradeCheck = 0800;
				ORGANIZATIONNAME = Jones;
				TargetAttributes = {
					DF274AAD1DB65D3500E69662 = {
						CreatedOnToolsVersion = 8.0;
						ProvisioningStyle = Automatic;
					};
				};
			};
			buildConfigurationList = DF274AA91DB65D3500E69662 /* Build configuration list for PBXProject "UICollectionView瀑布流" */;
			compatibilityVersion = "Xcode 3.2";
			developmentRegion = English;
			hasScannedForEncodings = 0;
			knownRegions = (
				en,
				Base,
			);
			mainGroup = DF274AA51DB65D3500E69662;
			productRefGroup = DF274AAF1DB65D3500E69662 /* Products */;
			projectDirPath = "";
			projectRoot = "";
			targets = (
				DF274AAD1DB65D3500E69662 /* UICollectionView瀑布流 */,
			);
		};
/* End PBXProject section */

/* Begin PBXResourcesBuildPhase section */
		DF274AAC1DB65D3500E69662 /* Resources */ = {
			isa = PBXResourcesBuildPhase;
			buildActionMask = 2147483647;
			files = (
				DF274AC11DB65D3600E69662 /* LaunchScreen.storyboard in Resources */,
				DF274ABE1DB65D3500E69662 /* Assets.xcassets in Resources */,
				DF274AD21DB660F100E69662 /* MyCollectionViewCell.xib in Resources */,
				DF274ABC1DB65D3500E69662 /* Main.storyboard in Resources */,
			);
			runOnlyForDeploymentPostprocessing = 0;
		};
/* End PBXResourcesBuildPhase section */

/* Begin PBXSourcesBuildPhase section */
		DF274AAA1DB65D3500E69662 /* Sources */ = {
			isa = PBXSourcesBuildPhase;
			buildActionMask = 2147483647;
			files = (
				DF274AB91DB65D3500E69662 /* ViewController.m in Sources */,
				DF274ACA1DB65EB900E69662 /* MyImage.m in Sources */,
				DF274AD11DB660F100E69662 /* MyCollectionViewCell.m in Sources */,
				DF274ACD1DB660CF00E69662 /* MyCollectionViewLayout.m in Sources */,
				DF274AB61DB65D3500E69662 /* AppDelegate.m in Sources */,
				DF274AB31DB65D3500E69662 /* main.m in Sources */,
			);
			runOnlyForDeploymentPostprocessing = 0;
		};
/* End PBXSourcesBuildPhase section */

/* Begin PBXVariantGroup section */
		DF274ABA1DB65D3500E69662 /* Main.storyboard */ = {
			isa = PBXVariantGroup;
			children = (
				DF274ABB1DB65D3500E69662 /* Base */,
			);
			name = Main.storyboard;
			sourceTree = "<group>";
		};
		DF274ABF1DB65D3600E69662 /* LaunchScreen.storyboard */ = {
			isa = PBXVariantGroup;
			children = (
				DF274AC01DB65D3600E69662 /* Base */,
			);
			name = LaunchScreen.storyboard;
			sourceTree = "<group>";
		};
/* End PBXVariantGroup section */

/* Begin XCBuildConfiguration section */
		DF274AC31DB65D3600E69662 /* Debug */ = {
			isa = XCBuildConfiguration;
			buildSettings = {
				ALWAYS_SEARCH_USER_PATHS = NO;
				CLANG_ANALYZER_NONNULL = YES;
				CLANG_CXX_LANGUAGE_STANDARD = "gnu++0x";
				CLANG_CXX_LIBRARY = "libc++";
				CLANG_ENABLE_MODULES = YES;
				CLANG_ENABLE_OBJC_ARC = YES;
				CLANG_WARN_BOOL_CONVERSION = YES;
				CLANG_WARN_CONSTANT_CONVERSION = YES;
				CLANG_WARN_DIRECT_OBJC_ISA_USAGE = YES_ERROR;
				CLANG_WARN_DOCUMENTATION_COMMENTS = YES;
				CLANG_WARN_EMPTY_BODY = YES;
				CLANG_WARN_ENUM_CONVERSION = YES;
				CLANG_WARN_INFINITE_RECURSION = YES;
				CLANG_WARN_INT_CONVERSION = YES;
				CLANG_WARN_OBJC_ROOT_CLASS = YES_ERROR;
				CLANG_WARN_SUSPICIOUS_MOVES = YES;
				CLANG_WARN_UNREACHABLE_CODE = YES;
				CLANG_WARN__DUPLICATE_METHOD_MATCH = YES;
				"CODE_SIGN_IDENTITY[sdk=iphoneos*]" = "iPhone Developer";
				COPY_PHASE_STRIP = NO;
				DEBUG_INFORMATION_FORMAT = dwarf;
				ENABLE_STRICT_OBJC_MSGSEND = YES;
				ENABLE_TESTABILITY = YES;
				GCC_C_LANGUAGE_STANDARD = gnu99;
				GCC_DYNAMIC_NO_PIC = NO;
				GCC_NO_COMMON_BLOCKS = YES;
				GCC_OPTIMIZATION_LEVEL = 0;
				GCC_PREPROCESSOR_DEFINITIONS = (
					"DEBUG=1",
					"$(inherited)",
				);
				GCC_WARN_64_TO_32_BIT_CONVERSION = YES;
				GCC_WARN_ABOUT_RETURN_TYPE = YES_ERROR;
				GCC_WARN_UNDECLARED_SELECTOR = YES;
				GCC_WARN_UNINITIALIZED_AUTOS = YES_AGGRESSIVE;
				GCC_WARN_UNUSED_FUNCTION = YES;
				GCC_WARN_UNUSED_VARIABLE = YES;
				IPHONEOS_DEPLOYMENT_TARGET = 10.0;
				MTL_ENABLE_DEBUG_INFO = YES;
				ONLY_ACTIVE_ARCH = YES;
				SDKROOT = iphoneos;
				TARGETED_DEVICE_FAMILY = "1,2";
			};
			name = Debug;
		};
		DF274AC41DB65D3600E69662 /* Release */ = {
			isa = XCBuildConfiguration;
			buildSettings = {
				ALWAYS_SEARCH_USER_PATHS = NO;
				CLANG_ANALYZER_NONNULL = YES;
				CLANG_CXX_LANGUAGE_STANDARD = "gnu++0x";
				CLANG_CXX_LIBRARY = "libc++";
				CLANG_ENABLE_MODULES = YES;
				CLANG_ENABLE_OBJC_ARC = YES;
				CLANG_WARN_BOOL_CONVERSION = YES;
				CLANG_WARN_CONSTANT_CONVERSION = YES;
				CLANG_WARN_DIRECT_OBJC_ISA_USAGE = YES_ERROR;
				CLANG_WARN_DOCUMENTATION_COMMENTS = YES;
				CLANG_WARN_EMPTY_BODY = YES;
				CLANG_WARN_ENUM_CONVERSION = YES;
				CLANG_WARN_INFINITE_RECURSION = YES;
				CLANG_WARN_INT_CONVERSION = YES;
				CLANG_WARN_OBJC_ROOT_CLASS = YES_ERROR;
				CLANG_WARN_SUSPICIOUS_MOVES = YES;
				CLANG_WARN_UNREACHABLE_CODE = YES;
				CLANG_WARN__DUPLICATE_METHOD_MATCH = YES;
				"CODE_SIGN_IDENTITY[sdk=iphoneos*]" = "iPhone Developer";
				COPY_PHASE_STRIP = NO;
				DEBUG_INFORMATION_FORMAT = "dwarf-with-dsym";
				ENABLE_NS_ASSERTIONS = NO;
				ENABLE_STRICT_OBJC_MSGSEND = YES;
				GCC_C_LANGUAGE_STANDARD = gnu99;
				GCC_NO_COMMON_BLOCKS = YES;
				GCC_WARN_64_TO_32_BIT_CONVERSION = YES;
				GCC_WARN_ABOUT_RETURN_TYPE = YES_ERROR;
				GCC_WARN_UNDECLARED_SELECTOR = YES;
				GCC_WARN_UNINITIALIZED_AUTOS = YES_AGGRESSIVE;
				GCC_WARN_UNUSED_FUNCTION = YES;
				GCC_WARN_UNUSED_VARIABLE = YES;
				IPHONEOS_DEPLOYMENT_TARGET = 10.0;
				MTL_ENABLE_DEBUG_INFO = NO;
				SDKROOT = iphoneos;
				TARGETED_DEVICE_FAMILY = "1,2";
				VALIDATE_PRODUCT = YES;
			};
			name = Release;
		};
		DF274AC61DB65D3600E69662 /* Debug */ = {
			isa = XCBuildConfiguration;
			buildSettings = {
				ASSETCATALOG_COMPILER_APPICON_NAME = AppIcon;
				INFOPLIST_FILE = "UICollectionView瀑布流/Info.plist";
				LD_RUNPATH_SEARCH_PATHS = "$(inherited) @executable_path/Frameworks";
				PRODUCT_BUNDLE_IDENTIFIER = "www.imooc.com.UICollectionView---";
				PRODUCT_NAME = "$(TARGET_NAME)";
			};
			name = Debug;
		};
		DF274AC71DB65D3600E69662 /* Release */ = {
			isa = XCBuildConfiguration;
			buildSettings = {
				ASSETCATALOG_COMPILER_APPICON_NAME = AppIcon;
				INFOPLIST_FILE = "UICollectionView瀑布流/Info.plist";
				LD_RUNPATH_SEARCH_PATHS = "$(inherited) @executable_path/Frameworks";
				PRODUCT_BUNDLE_IDENTIFIER = "www.imooc.com.UICollectionView---";
				PRODUCT_NAME = "$(TARGET_NAME)";
			};
			name = Release;
		};
/* End XCBuildConfiguration section */

/* Begin XCConfigurationList section */
		DF274AA91DB65D3500E69662 /* Build configuration list for PBXProject "UICollectionView瀑布流" */ = {
			isa = XCConfigurationList;
			buildConfigurations = (
				DF274AC31DB65D3600E69662 /* Debug */,
				DF274AC41DB65D3600E69662 /* Release */,
			);
			defaultConfigurationIsVisible = 0;
			defaultConfigurationName = Release;
		};
		DF274AC51DB65D3600E69662 /* Build configuration list for PBXNativeTarget "UICollectionView瀑布流" */ = {
			isa = XCConfigurationList;
			buildConfigurations = (
				DF274AC61DB65D3600E69662 /* Debug */,
				DF274AC71DB65D3600E69662 /* Release */,
			);
			defaultConfigurationIsVisible = 0;
			defaultConfigurationName = Release;
		};
/* End XCConfigurationList section */
	};
	rootObject = DF274AA61DB65D3500E69662 /* Project object */;
}
