// !$*UTF8*$!
{
	archiveVersion = 1;
	classes = {
	};
	objectVersion = 48;
	objects = {

/* Begin PBXBuildFile section */
		599BC5B11F9F60FD0023C4BC /* AppDelegate.m in Sources */ = {isa = PBXBuildFile; fileRef = 599BC5B01F9F60FD0023C4BC /* AppDelegate.m */; };
		599BC5B41F9F60FD0023C4BC /* ViewController.m in Sources */ = {isa = PBXBuildFile; fileRef = 599BC5B31F9F60FD0023C4BC /* ViewController.m */; };
		599BC5B71F9F60FD0023C4BC /* Main.storyboard in Resources */ = {isa = PBXBuildFile; fileRef = 599BC5B51F9F60FD0023C4BC /* Main.storyboard */; };
		599BC5B91F9F60FD0023C4BC /* Assets.xcassets in Resources */ = {isa = PBXBuildFile; fileRef = 599BC5B81F9F60FD0023C4BC /* Assets.xcassets */; };
		599BC5BC1F9F60FD0023C4BC /* LaunchScreen.storyboard in Resources */ = {isa = PBXBuildFile; fileRef = 599BC5BA1F9F60FD0023C4BC /* LaunchScreen.storyboard */; };
		599BC5BF1F9F60FD0023C4BC /* main.m in Sources */ = {isa = PBXBuildFile; fileRef = 599BC5BE1F9F60FD0023C4BC /* main.m */; };
		599BC5C71F9F610F0023C4BC /* MyDog.m in Sources */ = {isa = PBXBuildFile; fileRef = 599BC5C61F9F610F0023C4BC /* MyDog.m */; };
		599BC5CA1F9F65B30023C4BC /* NSKeyedArchiver+ConvertNSData.m in Sources */ = {isa = PBXBuildFile; fileRef = 599BC5C91F9F65B30023C4BC /* NSKeyedArchiver+ConvertNSData.m */; };
		599BC5CD1F9F66B80023C4BC /* NSKeyedUnarchiver+ConvertNSData.m in Sources */ = {isa = PBXBuildFile; fileRef = 599BC5CC1F9F66B80023C4BC /* NSKeyedUnarchiver+ConvertNSData.m */; };
/* End PBXBuildFile section */

/* Begin PBXFileReference section */
		599BC5AC1F9F60FD0023C4BC /* NSSecureCoding.app */ = {isa = PBXFileReference; explicitFileType = wrapper.application; includeInIndex = 0; path = NSSecureCoding.app; sourceTree = BUILT_PRODUCTS_DIR; };
		599BC5AF1F9F60FD0023C4BC /* AppDelegate.h */ = {isa = PBXFileReference; lastKnownFileType = sourcecode.c.h; path = AppDelegate.h; sourceTree = "<group>"; };
		599BC5B01F9F60FD0023C4BC /* AppDelegate.m */ = {isa = PBXFileReference; lastKnownFileType = sourcecode.c.objc; path = AppDelegate.m; sourceTree = "<group>"; };
		599BC5B21F9F60FD0023C4BC /* ViewController.h */ = {isa = PBXFileReference; lastKnownFileType = sourcecode.c.h; path = ViewController.h; sourceTree = "<group>"; };
		599BC5B31F9F60FD0023C4BC /* ViewController.m */ = {isa = PBXFileReference; lastKnownFileType = sourcecode.c.objc; path = ViewController.m; sourceTree = "<group>"; };
		599BC5B61F9F60FD0023C4BC /* Base */ = {isa = PBXFileReference; lastKnownFileType = file.storyboard; name = Base; path = Base.lproj/Main.storyboard; sourceTree = "<group>"; };
		599BC5B81F9F60FD0023C4BC /* Assets.xcassets */ = {isa = PBXFileReference; lastKnownFileType = folder.assetcatalog; path = Assets.xcassets; sourceTree = "<group>"; };
		599BC5BB1F9F60FD0023C4BC /* Base */ = {isa = PBXFileReference; lastKnownFileType = file.storyboard; name = Base; path = Base.lproj/LaunchScreen.storyboard; sourceTree = "<group>"; };
		599BC5BD1F9F60FD0023C4BC /* Info.plist */ = {isa = PBXFileReference; lastKnownFileType = text.plist.xml; path = Info.plist; sourceTree = "<group>"; };
		599BC5BE1F9F60FD0023C4BC /* main.m */ = {isa = PBXFileReference; lastKnownFileType = sourcecode.c.objc; path = main.m; sourceTree = "<group>"; };
		599BC5C51F9F610F0023C4BC /* MyDog.h */ = {isa = PBXFileReference; lastKnownFileType = sourcecode.c.h; path = MyDog.h; sourceTree = "<group>"; };
		599BC5C61F9F610F0023C4BC /* MyDog.m */ = {isa = PBXFileReference; lastKnownFileType = sourcecode.c.objc; path = MyDog.m; sourceTree = "<group>"; };
		599BC5C81F9F65B30023C4BC /* NSKeyedArchiver+ConvertNSData.h */ = {isa = PBXFileReference; lastKnownFileType = sourcecode.c.h; path = "NSKeyedArchiver+ConvertNSData.h"; sourceTree = "<group>"; };
		599BC5C91F9F65B30023C4BC /* NSKeyedArchiver+ConvertNSData.m */ = {isa = PBXFileReference; lastKnownFileType = sourcecode.c.objc; path = "NSKeyedArchiver+ConvertNSData.m"; sourceTree = "<group>"; };
		599BC5CB1F9F66B80023C4BC /* NSKeyedUnarchiver+ConvertNSData.h */ = {isa = PBXFileReference; lastKnownFileType = sourcecode.c.h; path = "NSKeyedUnarchiver+ConvertNSData.h"; sourceTree = "<group>"; };
		599BC5CC1F9F66B80023C4BC /* NSKeyedUnarchiver+ConvertNSData.m */ = {isa = PBXFileReference; lastKnownFileType = sourcecode.c.objc; path = "NSKeyedUnarchiver+ConvertNSData.m"; sourceTree = "<group>"; };
/* End PBXFileReference section */

/* Begin PBXFrameworksBuildPhase section */
		599BC5A91F9F60FD0023C4BC /* Frameworks */ = {
			isa = PBXFrameworksBuildPhase;
			buildActionMask = 2147483647;
			files = (
			);
			runOnlyForDeploymentPostprocessing = 0;
		};
/* End PBXFrameworksBuildPhase section */

/* Begin PBXGroup section */
		599BC5A31F9F60FD0023C4BC = {
			isa = PBXGroup;
			children = (
				599BC5AE1F9F60FD0023C4BC /* NSSecureCoding */,
				599BC5AD1F9F60FD0023C4BC /* Products */,
			);
			sourceTree = "<group>";
		};
		599BC5AD1F9F60FD0023C4BC /* Products */ = {
			isa = PBXGroup;
			children = (
				599BC5AC1F9F60FD0023C4BC /* NSSecureCoding.app */,
			);
			name = Products;
			sourceTree = "<group>";
		};
		599BC5AE1F9F60FD0023C4BC /* NSSecureCoding */ = {
			isa = PBXGroup;
			children = (
				599BC5AF1F9F60FD0023C4BC /* AppDelegate.h */,
				599BC5B01F9F60FD0023C4BC /* AppDelegate.m */,
				599BC5B21F9F60FD0023C4BC /* ViewController.h */,
				599BC5B31F9F60FD0023C4BC /* ViewController.m */,
				599BC5B51F9F60FD0023C4BC /* Main.storyboard */,
				599BC5B81F9F60FD0023C4BC /* Assets.xcassets */,
				599BC5BA1F9F60FD0023C4BC /* LaunchScreen.storyboard */,
				599BC5BD1F9F60FD0023C4BC /* Info.plist */,
				599BC5BE1F9F60FD0023C4BC /* main.m */,
				599BC5C51F9F610F0023C4BC /* MyDog.h */,
				599BC5C61F9F610F0023C4BC /* MyDog.m */,
				599BC5C81F9F65B30023C4BC /* NSKeyedArchiver+ConvertNSData.h */,
				599BC5C91F9F65B30023C4BC /* NSKeyedArchiver+ConvertNSData.m */,
				599BC5CB1F9F66B80023C4BC /* NSKeyedUnarchiver+ConvertNSData.h */,
				599BC5CC1F9F66B80023C4BC /* NSKeyedUnarchiver+ConvertNSData.m */,
			);
			path = NSSecureCoding;
			sourceTree = "<group>";
		};
/* End PBXGroup section */

/* Begin PBXNativeTarget section */
		599BC5AB1F9F60FD0023C4BC /* NSSecureCoding */ = {
			isa = PBXNativeTarget;
			buildConfigurationList = 599BC5C21F9F60FD0023C4BC /* Build configuration list for PBXNativeTarget "NSSecureCoding" */;
			buildPhases = (
				599BC5A81F9F60FD0023C4BC /* Sources */,
				599BC5A91F9F60FD0023C4BC /* Frameworks */,
				599BC5AA1F9F60FD0023C4BC /* Resources */,
			);
			buildRules = (
			);
			dependencies = (
			);
			name = NSSecureCoding;
			productName = NSSecureCoding;
			productReference = 599BC5AC1F9F60FD0023C4BC /* NSSecureCoding.app */;
			productType = "com.apple.product-type.application";
		};
/* End PBXNativeTarget section */

/* Begin PBXProject section */
		599BC5A41F9F60FD0023C4BC /* Project object */ = {
			isa = PBXProject;
			attributes = {
				LastUpgradeCheck = 0900;
				ORGANIZATIONNAME = MJ;
				TargetAttributes = {
					599BC5AB1F9F60FD0023C4BC = {
						CreatedOnToolsVersion = 9.0.1;
						ProvisioningStyle = Automatic;
					};
				};
			};
			buildConfigurationList = 599BC5A71F9F60FD0023C4BC /* Build configuration list for PBXProject "NSSecureCoding" */;
			compatibilityVersion = "Xcode 8.0";
			developmentRegion = en;
			hasScannedForEncodings = 0;
			knownRegions = (
				en,
				Base,
			);
			mainGroup = 599BC5A31F9F60FD0023C4BC;
			productRefGroup = 599BC5AD1F9F60FD0023C4BC /* Products */;
			projectDirPath = "";
			projectRoot = "";
			targets = (
				599BC5AB1F9F60FD0023C4BC /* NSSecureCoding */,
			);
		};
/* End PBXProject section */

/* Begin PBXResourcesBuildPhase section */
		599BC5AA1F9F60FD0023C4BC /* Resources */ = {
			isa = PBXResourcesBuildPhase;
			buildActionMask = 2147483647;
			files = (
				599BC5BC1F9F60FD0023C4BC /* LaunchScreen.storyboard in Resources */,
				599BC5B91F9F60FD0023C4BC /* Assets.xcassets in Resources */,
				599BC5B71F9F60FD0023C4BC /* Main.storyboard in Resources */,
			);
			runOnlyForDeploymentPostprocessing = 0;
		};
/* End PBXResourcesBuildPhase section */

/* Begin PBXSourcesBuildPhase section */
		599BC5A81F9F60FD0023C4BC /* Sources */ = {
			isa = PBXSourcesBuildPhase;
			buildActionMask = 2147483647;
			files = (
				599BC5B41F9F60FD0023C4BC /* ViewController.m in Sources */,
				599BC5CA1F9F65B30023C4BC /* NSKeyedArchiver+ConvertNSData.m in Sources */,
				599BC5BF1F9F60FD0023C4BC /* main.m in Sources */,
				599BC5C71F9F610F0023C4BC /* MyDog.m in Sources */,
				599BC5B11F9F60FD0023C4BC /* AppDelegate.m in Sources */,
				599BC5CD1F9F66B80023C4BC /* NSKeyedUnarchiver+ConvertNSData.m in Sources */,
			);
			runOnlyForDeploymentPostprocessing = 0;
		};
/* End PBXSourcesBuildPhase section */

/* Begin PBXVariantGroup section */
		599BC5B51F9F60FD0023C4BC /* Main.storyboard */ = {
			isa = PBXVariantGroup;
			children = (
				599BC5B61F9F60FD0023C4BC /* Base */,
			);
			name = Main.storyboard;
			sourceTree = "<group>";
		};
		599BC5BA1F9F60FD0023C4BC /* LaunchScreen.storyboard */ = {
			isa = PBXVariantGroup;
			children = (
				599BC5BB1F9F60FD0023C4BC /* Base */,
			);
			name = LaunchScreen.storyboard;
			sourceTree = "<group>";
		};
/* End PBXVariantGroup section */

/* Begin XCBuildConfiguration section */
		599BC5C01F9F60FD0023C4BC /* Debug */ = {
			isa = XCBuildConfiguration;
			buildSettings = {
				ALWAYS_SEARCH_USER_PATHS = NO;
				CLANG_ANALYZER_NONNULL = YES;
				CLANG_ANALYZER_NUMBER_OBJECT_CONVERSION = YES_AGGRESSIVE;
				CLANG_CXX_LANGUAGE_STANDARD = "gnu++14";
				CLANG_CXX_LIBRARY = "libc++";
				CLANG_ENABLE_MODULES = YES;
				CLANG_ENABLE_OBJC_ARC = YES;
				CLANG_WARN_BLOCK_CAPTURE_AUTORELEASING = YES;
				CLANG_WARN_BOOL_CONVERSION = YES;
				CLANG_WARN_COMMA = YES;
				CLANG_WARN_CONSTANT_CONVERSION = YES;
				CLANG_WARN_DIRECT_OBJC_ISA_USAGE = YES_ERROR;
				CLANG_WARN_DOCUMENTATION_COMMENTS = YES;
				CLANG_WARN_EMPTY_BODY = YES;
				CLANG_WARN_ENUM_CONVERSION = YES;
				CLANG_WARN_INFINITE_RECURSION = YES;
				CLANG_WARN_INT_CONVERSION = YES;
				CLANG_WARN_NON_LITERAL_NULL_CONVERSION = YES;
				CLANG_WARN_OBJC_LITERAL_CONVERSION = YES;
				CLANG_WARN_OBJC_ROOT_CLASS = YES_ERROR;
				CLANG_WARN_RANGE_LOOP_ANALYSIS = YES;
				CLANG_WARN_STRICT_PROTOTYPES = YES;
				CLANG_WARN_SUSPICIOUS_MOVE = YES;
				CLANG_WARN_UNGUARDED_AVAILABILITY = YES_AGGRESSIVE;
				CLANG_WARN_UNREACHABLE_CODE = YES;
				CLANG_WARN__DUPLICATE_METHOD_MATCH = YES;
				CODE_SIGN_IDENTITY = "iPhone Developer";
				COPY_PHASE_STRIP = NO;
				DEBUG_INFORMATION_FORMAT = dwarf;
				ENABLE_STRICT_OBJC_MSGSEND = YES;
				ENABLE_TESTABILITY = YES;
				GCC_C_LANGUAGE_STANDARD = gnu11;
				GCC_DYNAMIC_NO_PIC = NO;
				GCC_NO_COMMON_BLOCKS = YES;
				GCC_OPTIMIZATION_LEVEL = 0;
				GCC_PREPROCESSOR_DEFINITIONS = (
					"DEBUG=1",
					"$(inherited)",
				);
				GCC_WARN_64_TO_32_BIT_CONVERSION = YES;
				GCC_WARN_ABOUT_RETURN_TYPE = YES_ERROR;
				GCC_WARN_UNDECLARED_SELECTOR = YES;
				GCC_WARN_UNINITIALIZED_AUTOS = YES_AGGRESSIVE;
				GCC_WARN_UNUSED_FUNCTION = YES;
				GCC_WARN_UNUSED_VARIABLE = YES;
				IPHONEOS_DEPLOYMENT_TARGET = 11.0;
				MTL_ENABLE_DEBUG_INFO = YES;
				ONLY_ACTIVE_ARCH = YES;
				SDKROOT = iphoneos;
			};
			name = Debug;
		};
		599BC5C11F9F60FD0023C4BC /* Release */ = {
			isa = XCBuildConfiguration;
			buildSettings = {
				ALWAYS_SEARCH_USER_PATHS = NO;
				CLANG_ANALYZER_NONNULL = YES;
				CLANG_ANALYZER_NUMBER_OBJECT_CONVERSION = YES_AGGRESSIVE;
				CLANG_CXX_LANGUAGE_STANDARD = "gnu++14";
				CLANG_CXX_LIBRARY = "libc++";
				CLANG_ENABLE_MODULES = YES;
				CLANG_ENABLE_OBJC_ARC = YES;
				CLANG_WARN_BLOCK_CAPTURE_AUTORELEASING = YES;
				CLANG_WARN_BOOL_CONVERSION = YES;
				CLANG_WARN_COMMA = YES;
				CLANG_WARN_CONSTANT_CONVERSION = YES;
				CLANG_WARN_DIRECT_OBJC_ISA_USAGE = YES_ERROR;
				CLANG_WARN_DOCUMENTATION_COMMENTS = YES;
				CLANG_WARN_EMPTY_BODY = YES;
				CLANG_WARN_ENUM_CONVERSION = YES;
				CLANG_WARN_INFINITE_RECURSION = YES;
				CLANG_WARN_INT_CONVERSION = YES;
				CLANG_WARN_NON_LITERAL_NULL_CONVERSION = YES;
				CLANG_WARN_OBJC_LITERAL_CONVERSION = YES;
				CLANG_WARN_OBJC_ROOT_CLASS = YES_ERROR;
				CLANG_WARN_RANGE_LOOP_ANALYSIS = YES;
				CLANG_WARN_STRICT_PROTOTYPES = YES;
				CLANG_WARN_SUSPICIOUS_MOVE = YES;
				CLANG_WARN_UNGUARDED_AVAILABILITY = YES_AGGRESSIVE;
				CLANG_WARN_UNREACHABLE_CODE = YES;
				CLANG_WARN__DUPLICATE_METHOD_MATCH = YES;
				CODE_SIGN_IDENTITY = "iPhone Developer";
				COPY_PHASE_STRIP = NO;
				DEBUG_INFORMATION_FORMAT = "dwarf-with-dsym";
				ENABLE_NS_ASSERTIONS = NO;
				ENABLE_STRICT_OBJC_MSGSEND = YES;
				GCC_C_LANGUAGE_STANDARD = gnu11;
				GCC_NO_COMMON_BLOCKS = YES;
				GCC_WARN_64_TO_32_BIT_CONVERSION = YES;
				GCC_WARN_ABOUT_RETURN_TYPE = YES_ERROR;
				GCC_WARN_UNDECLARED_SELECTOR = YES;
				GCC_WARN_UNINITIALIZED_AUTOS = YES_AGGRESSIVE;
				GCC_WARN_UNUSED_FUNCTION = YES;
				GCC_WARN_UNUSED_VARIABLE = YES;
				IPHONEOS_DEPLOYMENT_TARGET = 11.0;
				MTL_ENABLE_DEBUG_INFO = NO;
				SDKROOT = iphoneos;
				VALIDATE_PRODUCT = YES;
			};
			name = Release;
		};
		599BC5C31F9F60FD0023C4BC /* Debug */ = {
			isa = XCBuildConfiguration;
			buildSettings = {
				ASSETCATALOG_COMPILER_APPICON_NAME = AppIcon;
				CODE_SIGN_STYLE = Automatic;
				DEVELOPMENT_TEAM = 6QEQ45VE94;
				INFOPLIST_FILE = NSSecureCoding/Info.plist;
				LD_RUNPATH_SEARCH_PATHS = "$(inherited) @executable_path/Frameworks";
				PRODUCT_BUNDLE_IDENTIFIER = com.MJ.NSSecureCoding;
				PRODUCT_NAME = "$(TARGET_NAME)";
				TARGETED_DEVICE_FAMILY = "1,2";
			};
			name = Debug;
		};
		599BC5C41F9F60FD0023C4BC /* Release */ = {
			isa = XCBuildConfiguration;
			buildSettings = {
				ASSETCATALOG_COMPILER_APPICON_NAME = AppIcon;
				CODE_SIGN_STYLE = Automatic;
				DEVELOPMENT_TEAM = 6QEQ45VE94;
				INFOPLIST_FILE = NSSecureCoding/Info.plist;
				LD_RUNPATH_SEARCH_PATHS = "$(inherited) @executable_path/Frameworks";
				PRODUCT_BUNDLE_IDENTIFIER = com.MJ.NSSecureCoding;
				PRODUCT_NAME = "$(TARGET_NAME)";
				TARGETED_DEVICE_FAMILY = "1,2";
			};
			name = Release;
		};
/* End XCBuildConfiguration section */

/* Begin XCConfigurationList section */
		599BC5A71F9F60FD0023C4BC /* Build configuration list for PBXProject "NSSecureCoding" */ = {
			isa = XCConfigurationList;
			buildConfigurations = (
				599BC5C01F9F60FD0023C4BC /* Debug */,
				599BC5C11F9F60FD0023C4BC /* Release */,
			);
			defaultConfigurationIsVisible = 0;
			defaultConfigurationName = Release;
		};
		599BC5C21F9F60FD0023C4BC /* Build configuration list for PBXNativeTarget "NSSecureCoding" */ = {
			isa = XCConfigurationList;
			buildConfigurations = (
				599BC5C31F9F60FD0023C4BC /* Debug */,
				599BC5C41F9F60FD0023C4BC /* Release */,
			);
			defaultConfigurationIsVisible = 0;
			defaultConfigurationName = Release;
		};
/* End XCConfigurationList section */
	};
	rootObject = 599BC5A41F9F60FD0023C4BC /* Project object */;
}
